
Microsoft Visual Studio Solution File, Format Version 12.00
# Visual Studio Version 16
VisualStudioVersion = 16.0.32002.261
MinimumVisualStudioVersion = 10.0.40219.1
Project("{FAE04EC0-301F-11D3-BF4B-00C04F79EFBC}") = "FooDrinK", "FooDrinK.csproj", "{3BB26580-835E-4073-96CE-9FB9666BEE64}"
EndProject
Global
	GlobalSection(SolutionConfigurationPlatforms) = preSolution
		Debug|Any CPU = Debug|Any CPU
		Release|Any CPU = Release|Any CPU
	EndGlobalSection
	GlobalSection(ProjectConfigurationPlatforms) = postSolution
		{3BB26580-835E-4073-96CE-9FB9666BEE64}.Debug|Any CPU.ActiveCfg = Debug|Any CPU
		{3BB26580-835E-4073-96CE-9FB9666BEE64}.Debug|Any CPU.Build.0 = Debug|Any CPU
		{3BB26580-835E-4073-96CE-9FB9666BEE64}.Release|Any CPU.ActiveCfg = Release|Any CPU
		{3BB26580-835E-4073-96CE-9FB9666BEE64}.Release|Any CPU.Build.0 = Release|Any CPU
	EndGlobalSection
	GlobalSection(SolutionProperties) = preSolution
		HideSolutionNode = FALSE
	EndGlobalSection
	GlobalSection(ExtensibilityGlobals) = postSolution
		SolutionGuid = {AE8D5E4F-AD6F-425D-81C3-62A743BD2EAE}
	EndGlobalSection
EndGlobal
